// !$*UTF8*$!
{
	archiveVersion = 1;
	classes = {
	};
	objectVersion = 55;
	objects = {

/* Begin PBXBuildFile section */
		8246886F286AA71D00764B65 /* Expense_Tracker_AppApp.swift in Sources */ = {isa = PBXBuildFile; fileRef = 8246886E286AA71D00764B65 /* Expense_Tracker_AppApp.swift */; };
		82468871286AA71D00764B65 /* ContentView.swift in Sources */ = {isa = PBXBuildFile; fileRef = 82468870286AA71D00764B65 /* ContentView.swift */; };
		82468873286AA71F00764B65 /* Assets.xcassets in Resources */ = {isa = PBXBuildFile; fileRef = 82468872286AA71F00764B65 /* Assets.xcassets */; };
		82468876286AA71F00764B65 /* Preview Assets.xcassets in Resources */ = {isa = PBXBuildFile; fileRef = 82468875286AA71F00764B65 /* Preview Assets.xcassets */; };
		826CE0D5286C17C100705CEE /* Extensions.swift in Sources */ = {isa = PBXBuildFile; fileRef = 826CE0D4286C17C000705CEE /* Extensions.swift */; };
		826CE0D7286C1F5F00705CEE /* TransactionModel.swift in Sources */ = {isa = PBXBuildFile; fileRef = 826CE0D6286C1F5F00705CEE /* TransactionModel.swift */; };
		826CE0D9286C275300705CEE /* PreviewData.swift in Sources */ = {isa = PBXBuildFile; fileRef = 826CE0D8286C275300705CEE /* PreviewData.swift */; };
		826CE0DB286C28F000705CEE /* TransactionRow.swift in Sources */ = {isa = PBXBuildFile; fileRef = 826CE0DA286C28F000705CEE /* TransactionRow.swift */; };
		826CE0DE286C4F3F00705CEE /* SwiftUIFontIcon in Frameworks */ = {isa = PBXBuildFile; productRef = 826CE0DD286C4F3F00705CEE /* SwiftUIFontIcon */; };
		826CE0E0286C504A00705CEE /* TransactionListViewModel.swift in Sources */ = {isa = PBXBuildFile; fileRef = 826CE0DF286C504A00705CEE /* TransactionListViewModel.swift */; };
		826CE0E2286C756100705CEE /* RecentTransactionList.swift in Sources */ = {isa = PBXBuildFile; fileRef = 826CE0E1286C756100705CEE /* RecentTransactionList.swift */; };
		826CE0E4286C976600705CEE /* TransactionList.swift in Sources */ = {isa = PBXBuildFile; fileRef = 826CE0E3286C976600705CEE /* TransactionList.swift */; };
		826CE0E7286C9CBA00705CEE /* Collections in Frameworks */ = {isa = PBXBuildFile; productRef = 826CE0E6286C9CBA00705CEE /* Collections */; };
		826CE0EA286C9E3C00705CEE /* SwiftUICharts in Frameworks */ = {isa = PBXBuildFile; productRef = 826CE0E9286C9E3C00705CEE /* SwiftUICharts */; };
/* End PBXBuildFile section */

/* Begin PBXFileReference section */
		8246886B286AA71D00764B65 /* Expense Tracker App.app */ = {isa = PBXFileReference; explicitFileType = wrapper.application; includeInIndex = 0; path = "Expense Tracker App.app"; sourceTree = BUILT_PRODUCTS_DIR; };
		8246886E286AA71D00764B65 /* Expense_Tracker_AppApp.swift */ = {isa = PBXFileReference; lastKnownFileType = sourcecode.swift; path = Expense_Tracker_AppApp.swift; sourceTree = "<group>"; };
		82468870286AA71D00764B65 /* ContentView.swift */ = {isa = PBXFileReference; lastKnownFileType = sourcecode.swift; path = ContentView.swift; sourceTree = "<group>"; };
		82468872286AA71F00764B65 /* Assets.xcassets */ = {isa = PBXFileReference; lastKnownFileType = folder.assetcatalog; path = Assets.xcassets; sourceTree = "<group>"; };
		82468875286AA71F00764B65 /* Preview Assets.xcassets */ = {isa = PBXFileReference; lastKnownFileType = folder.assetcatalog; path = "Preview Assets.xcassets"; sourceTree = "<group>"; };
		826CE0D4286C17C000705CEE /* Extensions.swift */ = {isa = PBXFileReference; lastKnownFileType = sourcecode.swift; path = Extensions.swift; sourceTree = "<group>"; };
		826CE0D6286C1F5F00705CEE /* TransactionModel.swift */ = {isa = PBXFileReference; lastKnownFileType = sourcecode.swift; path = TransactionModel.swift; sourceTree = "<group>"; };
		826CE0D8286C275300705CEE /* PreviewData.swift */ = {isa = PBXFileReference; lastKnownFileType = sourcecode.swift; path = PreviewData.swift; sourceTree = "<group>"; };
		826CE0DA286C28F000705CEE /* TransactionRow.swift */ = {isa = PBXFileReference; lastKnownFileType = sourcecode.swift; path = TransactionRow.swift; sourceTree = "<group>"; };
		826CE0DF286C504A00705CEE /* TransactionListViewModel.swift */ = {isa = PBXFileReference; lastKnownFileType = sourcecode.swift; path = TransactionListViewModel.swift; sourceTree = "<group>"; };
		826CE0E1286C756100705CEE /* RecentTransactionList.swift */ = {isa = PBXFileReference; lastKnownFileType = sourcecode.swift; path = RecentTransactionList.swift; sourceTree = "<group>"; };
		826CE0E3286C976600705CEE /* TransactionList.swift */ = {isa = PBXFileReference; lastKnownFileType = sourcecode.swift; path = TransactionList.swift; sourceTree = "<group>"; };
/* End PBXFileReference section */

/* Begin PBXFrameworksBuildPhase section */
		82468868286AA71D00764B65 /* Frameworks */ = {
			isa = PBXFrameworksBuildPhase;
			buildActionMask = 2147483647;
			files = (
				826CE0EA286C9E3C00705CEE /* SwiftUICharts in Frameworks */,
				826CE0E7286C9CBA00705CEE /* Collections in Frameworks */,
				826CE0DE286C4F3F00705CEE /* SwiftUIFontIcon in Frameworks */,
			);
			runOnlyForDeploymentPostprocessing = 0;
		};
/* End PBXFrameworksBuildPhase section */

/* Begin PBXGroup section */
		82468862286AA71D00764B65 = {
			isa = PBXGroup;
			children = (
				8246886D286AA71D00764B65 /* Expense Tracker App */,
				8246886C286AA71D00764B65 /* Products */,
			);
			sourceTree = "<group>";
		};
		8246886C286AA71D00764B65 /* Products */ = {
			isa = PBXGroup;
			children = (
				8246886B286AA71D00764B65 /* Expense Tracker App.app */,
			);
			name = Products;
			sourceTree = "<group>";
		};
		8246886D286AA71D00764B65 /* Expense Tracker App */ = {
			isa = PBXGroup;
			children = (
				8246886E286AA71D00764B65 /* Expense_Tracker_AppApp.swift */,
				82468870286AA71D00764B65 /* ContentView.swift */,
				826CE0E1286C756100705CEE /* RecentTransactionList.swift */,
				826CE0E3286C976600705CEE /* TransactionList.swift */,
				826CE0DA286C28F000705CEE /* TransactionRow.swift */,
				826CE0DF286C504A00705CEE /* TransactionListViewModel.swift */,
				826CE0D6286C1F5F00705CEE /* TransactionModel.swift */,
				826CE0D4286C17C000705CEE /* Extensions.swift */,
				82468872286AA71F00764B65 /* Assets.xcassets */,
				82468874286AA71F00764B65 /* Preview Content */,
			);
			path = "Expense Tracker App";
			sourceTree = "<group>";
		};
		82468874286AA71F00764B65 /* Preview Content */ = {
			isa = PBXGroup;
			children = (
				82468875286AA71F00764B65 /* Preview Assets.xcassets */,
				826CE0D8286C275300705CEE /* PreviewData.swift */,
			);
			path = "Preview Content";
			sourceTree = "<group>";
		};
/* End PBXGroup section */

/* Begin PBXNativeTarget section */
		8246886A286AA71D00764B65 /* Expense Tracker App */ = {
			isa = PBXNativeTarget;
			buildConfigurationList = 82468879286AA71F00764B65 /* Build configuration list for PBXNativeTarget "Expense Tracker App" */;
			buildPhases = (
				82468867286AA71D00764B65 /* Sources */,
				82468868286AA71D00764B65 /* Frameworks */,
				82468869286AA71D00764B65 /* Resources */,
			);
			buildRules = (
			);
			dependencies = (
			);
			name = "Expense Tracker App";
			packageProductDependencies = (
				826CE0DD286C4F3F00705CEE /* SwiftUIFontIcon */,
				826CE0E6286C9CBA00705CEE /* Collections */,
				826CE0E9286C9E3C00705CEE /* SwiftUICharts */,
			);
			productName = "Expense Tracker App";
			productReference = 8246886B286AA71D00764B65 /* Expense Tracker App.app */;
			productType = "com.apple.product-type.application";
		};
/* End PBXNativeTarget section */

/* Begin PBXProject section */
		82468863286AA71D00764B65 /* Project object */ = {
			isa = PBXProject;
			attributes = {
				BuildIndependentTargetsInParallel = 1;
				LastSwiftUpdateCheck = 1340;
				LastUpgradeCheck = 1340;
				TargetAttributes = {
					8246886A286AA71D00764B65 = {
						CreatedOnToolsVersion = 13.4.1;
					};
				};
			};
			buildConfigurationList = 82468866286AA71D00764B65 /* Build configuration list for PBXProject "Expense Tracker App" */;
			compatibilityVersion = "Xcode 13.0";
			developmentRegion = en;
			hasScannedForEncodings = 0;
			knownRegions = (
				en,
				Base,
			);
			mainGroup = 82468862286AA71D00764B65;
			packageReferences = (
				826CE0DC286C4F3F00705CEE /* XCRemoteSwiftPackageReference "SwiftUIFontIcon" */,
				826CE0E5286C9CBA00705CEE /* XCRemoteSwiftPackageReference "swift-collections" */,
				826CE0E8286C9E3C00705CEE /* XCRemoteSwiftPackageReference "ChartView" */,
			);
			productRefGroup = 8246886C286AA71D00764B65 /* Products */;
			projectDirPath = "";
			projectRoot = "";
			targets = (
				8246886A286AA71D00764B65 /* Expense Tracker App */,
			);
		};
/* End PBXProject section */

/* Begin PBXResourcesBuildPhase section */
		82468869286AA71D00764B65 /* Resources */ = {
			isa = PBXResourcesBuildPhase;
			buildActionMask = 2147483647;
			files = (
				82468876286AA71F00764B65 /* Preview Assets.xcassets in Resources */,
				82468873286AA71F00764B65 /* Assets.xcassets in Resources */,
			);
			runOnlyForDeploymentPostprocessing = 0;
		};
/* End PBXResourcesBuildPhase section */

/* Begin PBXSourcesBuildPhase section */
		82468867286AA71D00764B65 /* Sources */ = {
			isa = PBXSourcesBuildPhase;
			buildActionMask = 2147483647;
			files = (
				826CE0D9286C275300705CEE /* PreviewData.swift in Sources */,
				826CE0E4286C976600705CEE /* TransactionList.swift in Sources */,
				826CE0E2286C756100705CEE /* RecentTransactionList.swift in Sources */,
				826CE0D7286C1F5F00705CEE /* TransactionModel.swift in Sources */,
				82468871286AA71D00764B65 /* ContentView.swift in Sources */,
				826CE0DB286C28F000705CEE /* TransactionRow.swift in Sources */,
				826CE0D5286C17C100705CEE /* Extensions.swift in Sources */,
				826CE0E0286C504A00705CEE /* TransactionListViewModel.swift in Sources */,
				8246886F286AA71D00764B65 /* Expense_Tracker_AppApp.swift in Sources */,
			);
			runOnlyForDeploymentPostprocessing = 0;
		};
/* End PBXSourcesBuildPhase section */

/* Begin XCBuildConfiguration section */
		82468877286AA71F00764B65 /* Debug */ = {
			isa = XCBuildConfiguration;
			buildSettings = {
				ALWAYS_SEARCH_USER_PATHS = NO;
				CLANG_ANALYZER_NONNULL = YES;
				CLANG_ANALYZER_NUMBER_OBJECT_CONVERSION = YES_AGGRESSIVE;
				CLANG_CXX_LANGUAGE_STANDARD = "gnu++17";
				CLANG_ENABLE_MODULES = YES;
				CLANG_ENABLE_OBJC_ARC = YES;
				CLANG_ENABLE_OBJC_WEAK = YES;
				CLANG_WARN_BLOCK_CAPTURE_AUTORELEASING = YES;
				CLANG_WARN_BOOL_CONVERSION = YES;
				CLANG_WARN_COMMA = YES;
				CLANG_WARN_CONSTANT_CONVERSION = YES;
				CLANG_WARN_DEPRECATED_OBJC_IMPLEMENTATIONS = YES;
				CLANG_WARN_DIRECT_OBJC_ISA_USAGE = YES_ERROR;
				CLANG_WARN_DOCUMENTATION_COMMENTS = YES;
				CLANG_WARN_EMPTY_BODY = YES;
				CLANG_WARN_ENUM_CONVERSION = YES;
				CLANG_WARN_INFINITE_RECURSION = YES;
				CLANG_WARN_INT_CONVERSION = YES;
				CLANG_WARN_NON_LITERAL_NULL_CONVERSION = YES;
				CLANG_WARN_OBJC_IMPLICIT_RETAIN_SELF = YES;
				CLANG_WARN_OBJC_LITERAL_CONVERSION = YES;
				CLANG_WARN_OBJC_ROOT_CLASS = YES_ERROR;
				CLANG_WARN_QUOTED_INCLUDE_IN_FRAMEWORK_HEADER = YES;
				CLANG_WARN_RANGE_LOOP_ANALYSIS = YES;
				CLANG_WARN_STRICT_PROTOTYPES = YES;
				CLANG_WARN_SUSPICIOUS_MOVE = YES;
				CLANG_WARN_UNGUARDED_AVAILABILITY = YES_AGGRESSIVE;
				CLANG_WARN_UNREACHABLE_CODE = YES;
				CLANG_WARN__DUPLICATE_METHOD_MATCH = YES;
				COPY_PHASE_STRIP = NO;
				DEBUG_INFORMATION_FORMAT = dwarf;
				ENABLE_STRICT_OBJC_MSGSEND = YES;
				ENABLE_TESTABILITY = YES;
				GCC_C_LANGUAGE_STANDARD = gnu11;
				GCC_DYNAMIC_NO_PIC = NO;
				GCC_NO_COMMON_BLOCKS = YES;
				GCC_OPTIMIZATION_LEVEL = 0;
				GCC_PREPROCESSOR_DEFINITIONS = (
					"DEBUG=1",
					"$(inherited)",
				);
				GCC_WARN_64_TO_32_BIT_CONVERSION = YES;
				GCC_WARN_ABOUT_RETURN_TYPE = YES_ERROR;
				GCC_WARN_UNDECLARED_SELECTOR = YES;
				GCC_WARN_UNINITIALIZED_AUTOS = YES_AGGRESSIVE;
				GCC_WARN_UNUSED_FUNCTION = YES;
				GCC_WARN_UNUSED_VARIABLE = YES;
				IPHONEOS_DEPLOYMENT_TARGET = 15.5;
				MTL_ENABLE_DEBUG_INFO = INCLUDE_SOURCE;
				MTL_FAST_MATH = YES;
				ONLY_ACTIVE_ARCH = YES;
				SDKROOT = iphoneos;
				SWIFT_ACTIVE_COMPILATION_CONDITIONS = DEBUG;
				SWIFT_OPTIMIZATION_LEVEL = "-Onone";
			};
			name = Debug;
		};
		82468878286AA71F00764B65 /* Release */ = {
			isa = XCBuildConfiguration;
			buildSettings = {
				ALWAYS_SEARCH_USER_PATHS = NO;
				CLANG_ANALYZER_NONNULL = YES;
				CLANG_ANALYZER_NUMBER_OBJECT_CONVERSION = YES_AGGRESSIVE;
				CLANG_CXX_LANGUAGE_STANDARD = "gnu++17";
				CLANG_ENABLE_MODULES = YES;
				CLANG_ENABLE_OBJC_ARC = YES;
				CLANG_ENABLE_OBJC_WEAK = YES;
				CLANG_WARN_BLOCK_CAPTURE_AUTORELEASING = YES;
				CLANG_WARN_BOOL_CONVERSION = YES;
				CLANG_WARN_COMMA = YES;
				CLANG_WARN_CONSTANT_CONVERSION = YES;
				CLANG_WARN_DEPRECATED_OBJC_IMPLEMENTATIONS = YES;
				CLANG_WARN_DIRECT_OBJC_ISA_USAGE = YES_ERROR;
				CLANG_WARN_DOCUMENTATION_COMMENTS = YES;
				CLANG_WARN_EMPTY_BODY = YES;
				CLANG_WARN_ENUM_CONVERSION = YES;
				CLANG_WARN_INFINITE_RECURSION = YES;
				CLANG_WARN_INT_CONVERSION = YES;
				CLANG_WARN_NON_LITERAL_NULL_CONVERSION = YES;
				CLANG_WARN_OBJC_IMPLICIT_RETAIN_SELF = YES;
				CLANG_WARN_OBJC_LITERAL_CONVERSION = YES;
				CLANG_WARN_OBJC_ROOT_CLASS = YES_ERROR;
				CLANG_WARN_QUOTED_INCLUDE_IN_FRAMEWORK_HEADER = YES;
				CLANG_WARN_RANGE_LOOP_ANALYSIS = YES;
				CLANG_WARN_STRICT_PROTOTYPES = YES;
				CLANG_WARN_SUSPICIOUS_MOVE = YES;
				CLANG_WARN_UNGUARDED_AVAILABILITY = YES_AGGRESSIVE;
				CLANG_WARN_UNREACHABLE_CODE = YES;
				CLANG_WARN__DUPLICATE_METHOD_MATCH = YES;
				COPY_PHASE_STRIP = NO;
				DEBUG_INFORMATION_FORMAT = "dwarf-with-dsym";
				ENABLE_NS_ASSERTIONS = NO;
				ENABLE_STRICT_OBJC_MSGSEND = YES;
				GCC_C_LANGUAGE_STANDARD = gnu11;
				GCC_NO_COMMON_BLOCKS = YES;
				GCC_WARN_64_TO_32_BIT_CONVERSION = YES;
				GCC_WARN_ABOUT_RETURN_TYPE = YES_ERROR;
				GCC_WARN_UNDECLARED_SELECTOR = YES;
				GCC_WARN_UNINITIALIZED_AUTOS = YES_AGGRESSIVE;
				GCC_WARN_UNUSED_FUNCTION = YES;
				GCC_WARN_UNUSED_VARIABLE = YES;
				IPHONEOS_DEPLOYMENT_TARGET = 15.5;
				MTL_ENABLE_DEBUG_INFO = NO;
				MTL_FAST_MATH = YES;
				SDKROOT = iphoneos;
				SWIFT_COMPILATION_MODE = wholemodule;
				SWIFT_OPTIMIZATION_LEVEL = "-O";
				VALIDATE_PRODUCT = YES;
			};
			name = Release;
		};
		8246887A286AA71F00764B65 /* Debug */ = {
			isa = XCBuildConfiguration;
			buildSettings = {
				ASSETCATALOG_COMPILER_APPICON_NAME = AppIcon;
				ASSETCATALOG_COMPILER_GLOBAL_ACCENT_COLOR_NAME = AccentColor;
				CODE_SIGN_STYLE = Automatic;
				CURRENT_PROJECT_VERSION = 1;
				DEVELOPMENT_ASSET_PATHS = "\"Expense Tracker App/Preview Content\"";
				ENABLE_PREVIEWS = YES;
				GENERATE_INFOPLIST_FILE = YES;
				INFOPLIST_KEY_UIApplicationSceneManifest_Generation = YES;
				INFOPLIST_KEY_UIApplicationSupportsIndirectInputEvents = YES;
				INFOPLIST_KEY_UILaunchScreen_Generation = YES;
				INFOPLIST_KEY_UISupportedInterfaceOrientations_iPad = "UIInterfaceOrientationPortrait UIInterfaceOrientationPortraitUpsideDown UIInterfaceOrientationLandscapeLeft UIInterfaceOrientationLandscapeRight";
				INFOPLIST_KEY_UISupportedInterfaceOrientations_iPhone = "UIInterfaceOrientationPortrait UIInterfaceOrientationLandscapeLeft UIInterfaceOrientationLandscapeRight";
				LD_RUNPATH_SEARCH_PATHS = (
					"$(inherited)",
					"@executable_path/Frameworks",
				);
				MARKETING_VERSION = 1.0;
				PRODUCT_BUNDLE_IDENTIFIER = "com.somnath.Expense-Tracker-App";
				PRODUCT_NAME = "$(TARGET_NAME)";
				SWIFT_EMIT_LOC_STRINGS = YES;
				SWIFT_VERSION = 5.0;
				TARGETED_DEVICE_FAMILY = "1,2";
			};
			name = Debug;
		};
		8246887B286AA71F00764B65 /* Release */ = {
			isa = XCBuildConfiguration;
			buildSettings = {
				ASSETCATALOG_COMPILER_APPICON_NAME = AppIcon;
				ASSETCATALOG_COMPILER_GLOBAL_ACCENT_COLOR_NAME = AccentColor;
				CODE_SIGN_STYLE = Automatic;
				CURRENT_PROJECT_VERSION = 1;
				DEVELOPMENT_ASSET_PATHS = "\"Expense Tracker App/Preview Content\"";
				ENABLE_PREVIEWS = YES;
				GENERATE_INFOPLIST_FILE = YES;
				INFOPLIST_KEY_UIApplicationSceneManifest_Generation = YES;
				INFOPLIST_KEY_UIApplicationSupportsIndirectInputEvents = YES;
				INFOPLIST_KEY_UILaunchScreen_Generation = YES;
				INFOPLIST_KEY_UISupportedInterfaceOrientations_iPad = "UIInterfaceOrientationPortrait UIInterfaceOrientationPortraitUpsideDown UIInterfaceOrientationLandscapeLeft UIInterfaceOrientationLandscapeRight";
				INFOPLIST_KEY_UISupportedInterfaceOrientations_iPhone = "UIInterfaceOrientationPortrait UIInterfaceOrientationLandscapeLeft UIInterfaceOrientationLandscapeRight";
				LD_RUNPATH_SEARCH_PATHS = (
					"$(inherited)",
					"@executable_path/Frameworks",
				);
				MARKETING_VERSION = 1.0;
				PRODUCT_BUNDLE_IDENTIFIER = "com.somnath.Expense-Tracker-App";
				PRODUCT_NAME = "$(TARGET_NAME)";
				SWIFT_EMIT_LOC_STRINGS = YES;
				SWIFT_VERSION = 5.0;
				TARGETED_DEVICE_FAMILY = "1,2";
			};
			name = Release;
		};
/* End XCBuildConfiguration section */

/* Begin XCConfigurationList section */
		82468866286AA71D00764B65 /* Build configuration list for PBXProject "Expense Tracker App" */ = {
			isa = XCConfigurationList;
			buildConfigurations = (
				82468877286AA71F00764B65 /* Debug */,
				82468878286AA71F00764B65 /* Release */,
			);
			defaultConfigurationIsVisible = 0;
			defaultConfigurationName = Release;
		};
		82468879286AA71F00764B65 /* Build configuration list for PBXNativeTarget "Expense Tracker App" */ = {
			isa = XCConfigurationList;
			buildConfigurations = (
				8246887A286AA71F00764B65 /* Debug */,
				8246887B286AA71F00764B65 /* Release */,
			);
			defaultConfigurationIsVisible = 0;
			defaultConfigurationName = Release;
		};
/* End XCConfigurationList section */

/* Begin XCRemoteSwiftPackageReference section */
		826CE0DC286C4F3F00705CEE /* XCRemoteSwiftPackageReference "SwiftUIFontIcon" */ = {
			isa = XCRemoteSwiftPackageReference;
			repositoryURL = "https://github.com/huybuidac/SwiftUIFontIcon";
			requirement = {
				branch = master;
				kind = branch;
			};
		};
		826CE0E5286C9CBA00705CEE /* XCRemoteSwiftPackageReference "swift-collections" */ = {
			isa = XCRemoteSwiftPackageReference;
			repositoryURL = "https://github.com/apple/swift-collections.git";
			requirement = {
				kind = upToNextMajorVersion;
				minimumVersion = 1.0.2;
			};
		};
		826CE0E8286C9E3C00705CEE /* XCRemoteSwiftPackageReference "ChartView" */ = {
			isa = XCRemoteSwiftPackageReference;
			repositoryURL = "https://github.com/AppPear/ChartView";
			requirement = {
				kind = exactVersion;
				version = "2.0.0-beta.2";
			};
		};
/* End XCRemoteSwiftPackageReference section */

/* Begin XCSwiftPackageProductDependency section */
		826CE0DD286C4F3F00705CEE /* SwiftUIFontIcon */ = {
			isa = XCSwiftPackageProductDependency;
			package = 826CE0DC286C4F3F00705CEE /* XCRemoteSwiftPackageReference "SwiftUIFontIcon" */;
			productName = SwiftUIFontIcon;
		};
		826CE0E6286C9CBA00705CEE /* Collections */ = {
			isa = XCSwiftPackageProductDependency;
			package = 826CE0E5286C9CBA00705CEE /* XCRemoteSwiftPackageReference "swift-collections" */;
			productName = Collections;
		};
		826CE0E9286C9E3C00705CEE /* SwiftUICharts */ = {
			isa = XCSwiftPackageProductDependency;
			package = 826CE0E8286C9E3C00705CEE /* XCRemoteSwiftPackageReference "ChartView" */;
			productName = SwiftUICharts;
		};
/* End XCSwiftPackageProductDependency section */
	};
	rootObject = 82468863286AA71D00764B65 /* Project object */;
}
